PODS:
  - CocoaLumberjack/Core (3.6.1)
  - CocoaLumberjack/Swift (3.6.1):
    - CocoaLumberjack/Core
  - ExMj (0.0.34):
    - CocoaLumberjack/Swift (= 3.6.1)
    - SQLite.swift (~> 0.12.0)
  - SQLite.swift (0.12.2):
    - SQLite.swift/standard (= 0.12.2)
  - SQLite.swift/standard (0.12.2)

DEPENDENCIES:
  - ExMj

SPEC REPOS:
  https://github.com/CocoaPods/Specs.git:
    - CocoaLumberjack
    - ExMj
    - SQLite.swift

SPEC CHECKSUMS:
  CocoaLumberjack: b17ae15142558d08bbacf69775fa10c4abbebcc9
  ExMj: bb0e4196ebfc2d55f2c6cfe5afd467c9444544ea
  SQLite.swift: d2b4642190917051ce6bd1d49aab565fe794eea3

PODFILE CHECKSUM: df24f2b37ef6d97878f801218af9e8a0711b2064

COCOAPODS: 1.8.4
